
Microsoft Visual Studio Solution File, Format Version 12.00
# Visual Studio Version 16
VisualStudioVersion = 16.0.31129.286
MinimumVisualStudioVersion = 10.0.40219.1
Project("{FAE04EC0-301F-11D3-BF4B-00C04F79EFBC}") = "BorschISmetanka.Android", "BorschISmetanka\BorschISmetanka.Android\BorschISmetanka.Android.csproj", "{A6E0FA29-8DFE-4676-889B-E4C25B5FE91B}"
EndProject
Project("{FAE04EC0-301F-11D3-BF4B-00C04F79EFBC}") = "BorschISmetanka.iOS", "BorschISmetanka\BorschISmetanka.iOS\BorschISmetanka.iOS.csproj", "{B8A61F7E-4A08-4A89-9D4D-3E4926916E4B}"
EndProject
Project("{9A19103F-16F7-4668-BE54-9A1E7A4F7556}") = "BorschISmetanka", "BorschISmetanka\BorschISmetanka\BorschISmetanka.csproj", "{7BD7B0D1-BADD-4AFB-9E55-DFF93EA1F35C}"
EndProject
Project("{FAE04EC0-301F-11D3-BF4B-00C04F79EFBC}") = "BorschISmetankaTests", "BorschISmetanka\BorschISmetankaTests\BorschISmetankaTests.csproj", "{FFA9B5A0-B064-44B4-B303-0E490762B2DF}"
EndProject
Global
	GlobalSection(SolutionConfigurationPlatforms) = preSolution
		Debug|Any CPU = Debug|Any CPU
		Debug|iPhone = Debug|iPhone
		Debug|iPhoneSimulator = Debug|iPhoneSimulator
		Release|Any CPU = Release|Any CPU
		Release|iPhone = Release|iPhone
		Release|iPhoneSimulator = Release|iPhoneSimulator
	EndGlobalSection
	GlobalSection(ProjectConfigurationPlatforms) = postSolution
		{A6E0FA29-8DFE-4676-889B-E4C25B5FE91B}.Debug|Any CPU.ActiveCfg = Debug|Any CPU
		{A6E0FA29-8DFE-4676-889B-E4C25B5FE91B}.Debug|Any CPU.Build.0 = Debug|Any CPU
		{A6E0FA29-8DFE-4676-889B-E4C25B5FE91B}.Debug|Any CPU.Deploy.0 = Debug|Any CPU
		{A6E0FA29-8DFE-4676-889B-E4C25B5FE91B}.Debug|iPhone.ActiveCfg = Debug|Any CPU
		{A6E0FA29-8DFE-4676-889B-E4C25B5FE91B}.Debug|iPhone.Build.0 = Debug|Any CPU
		{A6E0FA29-8DFE-4676-889B-E4C25B5FE91B}.Debug|iPhone.Deploy.0 = Debug|Any CPU
		{A6E0FA29-8DFE-4676-889B-E4C25B5FE91B}.Debug|iPhoneSimulator.ActiveCfg = Debug|Any CPU
		{A6E0FA29-8DFE-4676-889B-E4C25B5FE91B}.Debug|iPhoneSimulator.Build.0 = Debug|Any CPU
		{A6E0FA29-8DFE-4676-889B-E4C25B5FE91B}.Debug|iPhoneSimulator.Deploy.0 = Debug|Any CPU
		{A6E0FA29-8DFE-4676-889B-E4C25B5FE91B}.Release|Any CPU.ActiveCfg = Release|Any CPU
		{A6E0FA29-8DFE-4676-889B-E4C25B5FE91B}.Release|Any CPU.Build.0 = Release|Any CPU
		{A6E0FA29-8DFE-4676-889B-E4C25B5FE91B}.Release|Any CPU.Deploy.0 = Release|Any CPU
		{A6E0FA29-8DFE-4676-889B-E4C25B5FE91B}.Release|iPhone.ActiveCfg = Release|Any CPU
		{A6E0FA29-8DFE-4676-889B-E4C25B5FE91B}.Release|iPhone.Build.0 = Release|Any CPU
		{A6E0FA29-8DFE-4676-889B-E4C25B5FE91B}.Release|iPhone.Deploy.0 = Release|Any CPU
		{A6E0FA29-8DFE-4676-889B-E4C25B5FE91B}.Release|iPhoneSimulator.ActiveCfg = Release|Any CPU
		{A6E0FA29-8DFE-4676-889B-E4C25B5FE91B}.Release|iPhoneSimulator.Build.0 = Release|Any CPU
		{A6E0FA29-8DFE-4676-889B-E4C25B5FE91B}.Release|iPhoneSimulator.Deploy.0 = Release|Any CPU
		{B8A61F7E-4A08-4A89-9D4D-3E4926916E4B}.Debug|Any CPU.ActiveCfg = Debug|iPhone
		{B8A61F7E-4A08-4A89-9D4D-3E4926916E4B}.Debug|Any CPU.Build.0 = Debug|iPhone
		{B8A61F7E-4A08-4A89-9D4D-3E4926916E4B}.Debug|Any CPU.Deploy.0 = Debug|iPhone
		{B8A61F7E-4A08-4A89-9D4D-3E4926916E4B}.Debug|iPhone.ActiveCfg = Debug|iPhone
		{B8A61F7E-4A08-4A89-9D4D-3E4926916E4B}.Debug|iPhone.Build.0 = Debug|iPhone
		{B8A61F7E-4A08-4A89-9D4D-3E4926916E4B}.Debug|iPhone.Deploy.0 = Debug|iPhone
		{B8A61F7E-4A08-4A89-9D4D-3E4926916E4B}.Debug|iPhoneSimulator.ActiveCfg = Debug|iPhoneSimulator
		{B8A61F7E-4A08-4A89-9D4D-3E4926916E4B}.Debug|iPhoneSimulator.Build.0 = Debug|iPhoneSimulator
		{B8A61F7E-4A08-4A89-9D4D-3E4926916E4B}.Debug|iPhoneSimulator.Deploy.0 = Debug|iPhoneSimulator
		{B8A61F7E-4A08-4A89-9D4D-3E4926916E4B}.Release|Any CPU.ActiveCfg = Release|iPhoneSimulator
		{B8A61F7E-4A08-4A89-9D4D-3E4926916E4B}.Release|Any CPU.Build.0 = Release|iPhoneSimulator
		{B8A61F7E-4A08-4A89-9D4D-3E4926916E4B}.Release|Any CPU.Deploy.0 = Release|iPhoneSimulator
		{B8A61F7E-4A08-4A89-9D4D-3E4926916E4B}.Release|iPhone.ActiveCfg = Release|iPhone
		{B8A61F7E-4A08-4A89-9D4D-3E4926916E4B}.Release|iPhone.Build.0 = Release|iPhone
		{B8A61F7E-4A08-4A89-9D4D-3E4926916E4B}.Release|iPhone.Deploy.0 = Release|iPhone
		{B8A61F7E-4A08-4A89-9D4D-3E4926916E4B}.Release|iPhoneSimulator.ActiveCfg = Release|iPhoneSimulator
		{B8A61F7E-4A08-4A89-9D4D-3E4926916E4B}.Release|iPhoneSimulator.Build.0 = Release|iPhoneSimulator
		{B8A61F7E-4A08-4A89-9D4D-3E4926916E4B}.Release|iPhoneSimulator.Deploy.0 = Release|iPhoneSimulator
		{7BD7B0D1-BADD-4AFB-9E55-DFF93EA1F35C}.Debug|Any CPU.ActiveCfg = Debug|Any CPU
		{7BD7B0D1-BADD-4AFB-9E55-DFF93EA1F35C}.Debug|Any CPU.Build.0 = Debug|Any CPU
		{7BD7B0D1-BADD-4AFB-9E55-DFF93EA1F35C}.Debug|Any CPU.Deploy.0 = Debug|Any CPU
		{7BD7B0D1-BADD-4AFB-9E55-DFF93EA1F35C}.Debug|iPhone.ActiveCfg = Debug|Any CPU
		{7BD7B0D1-BADD-4AFB-9E55-DFF93EA1F35C}.Debug|iPhone.Build.0 = Debug|Any CPU
		{7BD7B0D1-BADD-4AFB-9E55-DFF93EA1F35C}.Debug|iPhone.Deploy.0 = Debug|Any CPU
		{7BD7B0D1-BADD-4AFB-9E55-DFF93EA1F35C}.Debug|iPhoneSimulator.ActiveCfg = Debug|Any CPU
		{7BD7B0D1-BADD-4AFB-9E55-DFF93EA1F35C}.Debug|iPhoneSimulator.Build.0 = Debug|Any CPU
		{7BD7B0D1-BADD-4AFB-9E55-DFF93EA1F35C}.Debug|iPhoneSimulator.Deploy.0 = Debug|Any CPU
		{7BD7B0D1-BADD-4AFB-9E55-DFF93EA1F35C}.Release|Any CPU.ActiveCfg = Release|Any CPU
		{7BD7B0D1-BADD-4AFB-9E55-DFF93EA1F35C}.Release|Any CPU.Build.0 = Release|Any CPU
		{7BD7B0D1-BADD-4AFB-9E55-DFF93EA1F35C}.Release|Any CPU.Deploy.0 = Release|Any CPU
		{7BD7B0D1-BADD-4AFB-9E55-DFF93EA1F35C}.Release|iPhone.ActiveCfg = Release|Any CPU
		{7BD7B0D1-BADD-4AFB-9E55-DFF93EA1F35C}.Release|iPhone.Build.0 = Release|Any CPU
		{7BD7B0D1-BADD-4AFB-9E55-DFF93EA1F35C}.Release|iPhone.Deploy.0 = Release|Any CPU
		{7BD7B0D1-BADD-4AFB-9E55-DFF93EA1F35C}.Release|iPhoneSimulator.ActiveCfg = Release|Any CPU
		{7BD7B0D1-BADD-4AFB-9E55-DFF93EA1F35C}.Release|iPhoneSimulator.Build.0 = Release|Any CPU
		{7BD7B0D1-BADD-4AFB-9E55-DFF93EA1F35C}.Release|iPhoneSimulator.Deploy.0 = Release|Any CPU
		{FFA9B5A0-B064-44B4-B303-0E490762B2DF}.Debug|Any CPU.ActiveCfg = Debug|Any CPU
		{FFA9B5A0-B064-44B4-B303-0E490762B2DF}.Debug|Any CPU.Build.0 = Debug|Any CPU
		{FFA9B5A0-B064-44B4-B303-0E490762B2DF}.Debug|iPhone.ActiveCfg = Debug|Any CPU
		{FFA9B5A0-B064-44B4-B303-0E490762B2DF}.Debug|iPhone.Build.0 = Debug|Any CPU
		{FFA9B5A0-B064-44B4-B303-0E490762B2DF}.Debug|iPhoneSimulator.ActiveCfg = Debug|Any CPU
		{FFA9B5A0-B064-44B4-B303-0E490762B2DF}.Debug|iPhoneSimulator.Build.0 = Debug|Any CPU
		{FFA9B5A0-B064-44B4-B303-0E490762B2DF}.Release|Any CPU.ActiveCfg = Release|Any CPU
		{FFA9B5A0-B064-44B4-B303-0E490762B2DF}.Release|Any CPU.Build.0 = Release|Any CPU
		{FFA9B5A0-B064-44B4-B303-0E490762B2DF}.Release|iPhone.ActiveCfg = Release|Any CPU
		{FFA9B5A0-B064-44B4-B303-0E490762B2DF}.Release|iPhone.Build.0 = Release|Any CPU
		{FFA9B5A0-B064-44B4-B303-0E490762B2DF}.Release|iPhoneSimulator.ActiveCfg = Release|Any CPU
		{FFA9B5A0-B064-44B4-B303-0E490762B2DF}.Release|iPhoneSimulator.Build.0 = Release|Any CPU
	EndGlobalSection
	GlobalSection(SolutionProperties) = preSolution
		HideSolutionNode = FALSE
	EndGlobalSection
	GlobalSection(ExtensibilityGlobals) = postSolution
		SolutionGuid = {3B2A9F35-9A3A-4AC1-9909-BE823AB545E1}
	EndGlobalSection
EndGlobal
